
Microsoft Visual Studio Solution File, Format Version 12.00
# Visual Studio Version 17
VisualStudioVersion = 17.2.32630.192
MinimumVisualStudioVersion = 10.0.40219.1
Project("{FAE04EC0-301F-11D3-BF4B-00C04F79EFBC}") = "Homework", "Homework\Homework.csproj", "{8871EB53-E498-4F8D-B1D2-86324EF3C6D5}"
EndProject
Global
	GlobalSection(SolutionConfigurationPlatforms) = preSolution
		Debug|Any CPU = Debug|Any CPU
		Release|Any CPU = Release|Any CPU
	EndGlobalSection
	GlobalSection(ProjectConfigurationPlatforms) = postSolution
		{8871EB53-E498-4F8D-B1D2-86324EF3C6D5}.Debug|Any CPU.ActiveCfg = Debug|Any CPU
		{8871EB53-E498-4F8D-B1D2-86324EF3C6D5}.Debug|Any CPU.Build.0 = Debug|Any CPU
		{8871EB53-E498-4F8D-B1D2-86324EF3C6D5}.Release|Any CPU.ActiveCfg = Release|Any CPU
		{8871EB53-E498-4F8D-B1D2-86324EF3C6D5}.Release|Any CPU.Build.0 = Release|Any CPU
	EndGlobalSection
	GlobalSection(SolutionProperties) = preSolution
		HideSolutionNode = FALSE
	EndGlobalSection
	GlobalSection(ExtensibilityGlobals) = postSolution
		SolutionGuid = {541CF36F-BCDC-4B89-A2C7-256B92BDE295}
	EndGlobalSection
EndGlobal
